
Microsoft Visual Studio Solution File, Format Version 12.00
# Visual Studio Version 17
VisualStudioVersion = 17.7.34202.233
MinimumVisualStudioVersion = 10.0.40219.1
Project("{FAE04EC0-301F-11D3-BF4B-00C04F79EFBC}") = "SeleniumExample", "SeleniumExample\SeleniumExample.csproj", "{120F186F-2AD4-4B97-A603-94AE0F7430B4}"
EndProject
Project("{FAE04EC0-301F-11D3-BF4B-00C04F79EFBC}") = "SeleniumNUnitExample", "SeleniumNUnitExample\SeleniumNUnitExample.csproj", "{E04D9CE5-345D-483A-B446-A1CD6FBD86F9}"
EndProject
Global
	GlobalSection(SolutionConfigurationPlatforms) = preSolution
		Debug|Any CPU = Debug|Any CPU
		Release|Any CPU = Release|Any CPU
	EndGlobalSection
	GlobalSection(ProjectConfigurationPlatforms) = postSolution
		{120F186F-2AD4-4B97-A603-94AE0F7430B4}.Debug|Any CPU.ActiveCfg = Debug|Any CPU
		{120F186F-2AD4-4B97-A603-94AE0F7430B4}.Debug|Any CPU.Build.0 = Debug|Any CPU
		{120F186F-2AD4-4B97-A603-94AE0F7430B4}.Release|Any CPU.ActiveCfg = Release|Any CPU
		{120F186F-2AD4-4B97-A603-94AE0F7430B4}.Release|Any CPU.Build.0 = Release|Any CPU
		{E04D9CE5-345D-483A-B446-A1CD6FBD86F9}.Debug|Any CPU.ActiveCfg = Debug|Any CPU
		{E04D9CE5-345D-483A-B446-A1CD6FBD86F9}.Debug|Any CPU.Build.0 = Debug|Any CPU
		{E04D9CE5-345D-483A-B446-A1CD6FBD86F9}.Release|Any CPU.ActiveCfg = Release|Any CPU
		{E04D9CE5-345D-483A-B446-A1CD6FBD86F9}.Release|Any CPU.Build.0 = Release|Any CPU
	EndGlobalSection
	GlobalSection(SolutionProperties) = preSolution
		HideSolutionNode = FALSE
	EndGlobalSection
	GlobalSection(ExtensibilityGlobals) = postSolution
		SolutionGuid = {2E710068-5275-4C01-B140-D3EC70490734}
	EndGlobalSection
EndGlobal
